
Microsoft Visual Studio Solution File, Format Version 12.00
# Visual Studio Version 17
VisualStudioVersion = 17.8.34316.72
MinimumVisualStudioVersion = 10.0.40219.1
Project("{9A19103F-16F7-4668-BE54-9A1E7A4F7556}") = "Labb2-DbFirst-Template", "Labb2-DbFirst-Template\Labb2-DbFirst-Template.csproj", "{6DCF2A43-814A-47F9-9119-6CA955365A53}"
EndProject
Project("{FAE04EC0-301F-11D3-BF4B-00C04F79EFBC}") = "Bokhandel", "Bokhandel\Bokhandel.csproj", "{0FF5EC6B-9E80-4D50-A598-07D7757FDE72}"
EndProject
Global
	GlobalSection(SolutionConfigurationPlatforms) = preSolution
		Debug|Any CPU = Debug|Any CPU
		Release|Any CPU = Release|Any CPU
	EndGlobalSection
	GlobalSection(ProjectConfigurationPlatforms) = postSolution
		{6DCF2A43-814A-47F9-9119-6CA955365A53}.Debug|Any CPU.ActiveCfg = Debug|Any CPU
		{6DCF2A43-814A-47F9-9119-6CA955365A53}.Debug|Any CPU.Build.0 = Debug|Any CPU
		{6DCF2A43-814A-47F9-9119-6CA955365A53}.Release|Any CPU.ActiveCfg = Release|Any CPU
		{6DCF2A43-814A-47F9-9119-6CA955365A53}.Release|Any CPU.Build.0 = Release|Any CPU
		{0FF5EC6B-9E80-4D50-A598-07D7757FDE72}.Debug|Any CPU.ActiveCfg = Debug|Any CPU
		{0FF5EC6B-9E80-4D50-A598-07D7757FDE72}.Debug|Any CPU.Build.0 = Debug|Any CPU
		{0FF5EC6B-9E80-4D50-A598-07D7757FDE72}.Release|Any CPU.ActiveCfg = Release|Any CPU
		{0FF5EC6B-9E80-4D50-A598-07D7757FDE72}.Release|Any CPU.Build.0 = Release|Any CPU
	EndGlobalSection
	GlobalSection(SolutionProperties) = preSolution
		HideSolutionNode = FALSE
	EndGlobalSection
	GlobalSection(ExtensibilityGlobals) = postSolution
		SolutionGuid = {6E2C5155-AC37-4736-956A-A6D86D7468B9}
	EndGlobalSection
EndGlobal
